# This file is generated by running "yarn install" inside your project.
# Manual changes might be lost - proceed with caution!

__metadata:
  version: 6
  cacheKey: 8

"server@workspace:.":
  version: 0.0.0-use.local
  resolution: "server@workspace:."
  dependencies:
    yarn: ^1.22.22
  languageName: unknown
  linkType: soft

"yarn@npm:^1.22.22":
  version: 1.22.22
  resolution: "yarn@npm:1.22.22"
  bin:
    yarn: bin/yarn.js
    yarnpkg: bin/yarn.js
  checksum: 59aeef5ccfd3347287f939448e6d3594f0a42f74025b9bdc2a277641c1d4070c07a38b6e7c35e695f77410b0269a5a43c78535786564f86f39c9f781e6efa311
  languageName: node
  linkType: hard
